
Microsoft Visual Studio Solution File, Format Version 12.00
# Visual Studio 15
VisualStudioVersion = 15.0.28010.2016
MinimumVisualStudioVersion = 10.0.40219.1
Project("{FAE04EC0-301F-11D3-BF4B-00C04F79EFBC}") = "RestTestButInCSharp", "RestTestButInCSharp\RestTestButInCSharp.csproj", "{E056942A-1325-42D9-AC83-97C568EB85E6}"
EndProject
Project("{00D1A9C2-B5F0-4AF3-8072-F6C62B433612}") = "SOA4DB", "SOA4DB\SOA4DB.sqlproj", "{7D0DEF8F-B74F-4428-AA3D-CFBFDCF3188A}"
EndProject
Global
	GlobalSection(SolutionConfigurationPlatforms) = preSolution
		Debug|Any CPU = Debug|Any CPU
		Release|Any CPU = Release|Any CPU
	EndGlobalSection
	GlobalSection(ProjectConfigurationPlatforms) = postSolution
		{E056942A-1325-42D9-AC83-97C568EB85E6}.Debug|Any CPU.ActiveCfg = Debug|Any CPU
		{E056942A-1325-42D9-AC83-97C568EB85E6}.Debug|Any CPU.Build.0 = Debug|Any CPU
		{E056942A-1325-42D9-AC83-97C568EB85E6}.Release|Any CPU.ActiveCfg = Release|Any CPU
		{E056942A-1325-42D9-AC83-97C568EB85E6}.Release|Any CPU.Build.0 = Release|Any CPU
		{7D0DEF8F-B74F-4428-AA3D-CFBFDCF3188A}.Debug|Any CPU.ActiveCfg = Debug|Any CPU
		{7D0DEF8F-B74F-4428-AA3D-CFBFDCF3188A}.Debug|Any CPU.Build.0 = Debug|Any CPU
		{7D0DEF8F-B74F-4428-AA3D-CFBFDCF3188A}.Debug|Any CPU.Deploy.0 = Debug|Any CPU
		{7D0DEF8F-B74F-4428-AA3D-CFBFDCF3188A}.Release|Any CPU.ActiveCfg = Release|Any CPU
		{7D0DEF8F-B74F-4428-AA3D-CFBFDCF3188A}.Release|Any CPU.Build.0 = Release|Any CPU
		{7D0DEF8F-B74F-4428-AA3D-CFBFDCF3188A}.Release|Any CPU.Deploy.0 = Release|Any CPU
	EndGlobalSection
	GlobalSection(SolutionProperties) = preSolution
		HideSolutionNode = FALSE
	EndGlobalSection
	GlobalSection(ExtensibilityGlobals) = postSolution
		SolutionGuid = {832166C2-06C3-4D41-A1E1-1756036FF868}
	EndGlobalSection
EndGlobal
