
Microsoft Visual Studio Solution File, Format Version 12.00
# Visual Studio 15
VisualStudioVersion = 15.0.28010.2046
MinimumVisualStudioVersion = 10.0.40219.1
Project("{FAE04EC0-301F-11D3-BF4B-00C04F79EFBC}") = "CrazyMelvinsCleint", "CrazyMelvinsCleint\CrazyMelvinsCleint.csproj", "{F8E8112C-6392-4D0A-9A73-70C4259EEFB5}"
EndProject
Global
	GlobalSection(SolutionConfigurationPlatforms) = preSolution
		Debug|Any CPU = Debug|Any CPU
		Release|Any CPU = Release|Any CPU
	EndGlobalSection
	GlobalSection(ProjectConfigurationPlatforms) = postSolution
		{F8E8112C-6392-4D0A-9A73-70C4259EEFB5}.Debug|Any CPU.ActiveCfg = Debug|Any CPU
		{F8E8112C-6392-4D0A-9A73-70C4259EEFB5}.Debug|Any CPU.Build.0 = Debug|Any CPU
		{F8E8112C-6392-4D0A-9A73-70C4259EEFB5}.Release|Any CPU.ActiveCfg = Release|Any CPU
		{F8E8112C-6392-4D0A-9A73-70C4259EEFB5}.Release|Any CPU.Build.0 = Release|Any CPU
	EndGlobalSection
	GlobalSection(SolutionProperties) = preSolution
		HideSolutionNode = FALSE
	EndGlobalSection
	GlobalSection(ExtensibilityGlobals) = postSolution
		SolutionGuid = {F99AED64-32A8-4A42-A10D-F5D60118F72E}
	EndGlobalSection
EndGlobal
